Microsoft Visual Studio Solution File, Format Version 12.00
# Visual Studio Version 17
VisualStudioVersion = 17.5.2.0
MinimumVisualStudioVersion = 10.0.40219.1
Project("{2150E333-8FDC-42A3-9474-1A3956D46DE8}") = "prac", "prac", "{1DFDE687-4846-8BA0-82EE-8F92D9E9A66B}"
EndProject
Project("{2150E333-8FDC-42A3-9474-1A3956D46DE8}") = "cs", "cs", "{408AE03A-3052-3E2B-3648-3896BD3971CE}"
EndProject
Project("{FAE04EC0-301F-11D3-BF4B-00C04F79EFBC}") = "HelloWorldApp", "prac\cs\HelloWorldApp\HelloWorldApp.csproj", "{E4B8CABF-8F2B-A397-F2CE-C2ABB5F96972}"
EndProject
Global
	GlobalSection(SolutionConfigurationPlatforms) = preSolution
		Debug|Any CPU = Debug|Any CPU
		Release|Any CPU = Release|Any CPU
	EndGlobalSection
	GlobalSection(ProjectConfigurationPlatforms) = postSolution
		{E4B8CABF-8F2B-A397-F2CE-C2ABB5F96972}.Debug|Any CPU.ActiveCfg = Debug|Any CPU
		{E4B8CABF-8F2B-A397-F2CE-C2ABB5F96972}.Debug|Any CPU.Build.0 = Debug|Any CPU
		{E4B8CABF-8F2B-A397-F2CE-C2ABB5F96972}.Release|Any CPU.ActiveCfg = Release|Any CPU
		{E4B8CABF-8F2B-A397-F2CE-C2ABB5F96972}.Release|Any CPU.Build.0 = Release|Any CPU
	EndGlobalSection
	GlobalSection(SolutionProperties) = preSolution
		HideSolutionNode = FALSE
	EndGlobalSection
	GlobalSection(NestedProjects) = preSolution
		{408AE03A-3052-3E2B-3648-3896BD3971CE} = {1DFDE687-4846-8BA0-82EE-8F92D9E9A66B}
		{E4B8CABF-8F2B-A397-F2CE-C2ABB5F96972} = {408AE03A-3052-3E2B-3648-3896BD3971CE}
	EndGlobalSection
	GlobalSection(ExtensibilityGlobals) = postSolution
		SolutionGuid = {E1EC15C9-837B-423C-A18E-F559C3879578}
	EndGlobalSection
EndGlobal
